// !$*UTF8*$!
{
	archiveVersion = 1;
	classes = {
	};
	objectVersion = 50;
	objects = {

/* Begin PBXBuildFile section */
		02F122A5EC2CCCF36CE61153 /* Pods_BitcoinExchange.framework in Frameworks */ = {isa = PBXBuildFile; fileRef = 809D2C918055F920A3FB6695 /* Pods_BitcoinExchange.framework */; };
		27C6248A20DF40A8001542F5 /* AppDelegate.swift in Sources */ = {isa = PBXBuildFile; fileRef = 27C6248920DF40A8001542F5 /* AppDelegate.swift */; };
		27C6248C20DF40A8001542F5 /* ViewController.swift in Sources */ = {isa = PBXBuildFile; fileRef = 27C6248B20DF40A8001542F5 /* ViewController.swift */; };
		27C6248F20DF40A8001542F5 /* Main.storyboard in Resources */ = {isa = PBXBuildFile; fileRef = 27C6248D20DF40A8001542F5 /* Main.storyboard */; };
		27C6249120DF40A9001542F5 /* Assets.xcassets in Resources */ = {isa = PBXBuildFile; fileRef = 27C6249020DF40A9001542F5 /* Assets.xcassets */; };
		27C6249420DF40A9001542F5 /* LaunchScreen.storyboard in Resources */ = {isa = PBXBuildFile; fileRef = 27C6249220DF40A9001542F5 /* LaunchScreen.storyboard */; };
		27D9F69120E8BB4000E7F739 /* NewsViewController.swift in Sources */ = {isa = PBXBuildFile; fileRef = 27D9F69020E8BB4000E7F739 /* NewsViewController.swift */; };
		66D673D520DF7B8D00197D3B /* Paring.swift in Sources */ = {isa = PBXBuildFile; fileRef = 66D673D420DF7B8D00197D3B /* Paring.swift */; };
		66D673D720DF871400197D3B /* ParingTableViewCell.swift in Sources */ = {isa = PBXBuildFile; fileRef = 66D673D620DF871400197D3B /* ParingTableViewCell.swift */; };
/* End PBXBuildFile section */

/* Begin PBXFileReference section */
		27C6248620DF40A8001542F5 /* BitcoinExchange.app */ = {isa = PBXFileReference; explicitFileType = wrapper.application; includeInIndex = 0; path = BitcoinExchange.app; sourceTree = BUILT_PRODUCTS_DIR; };
		27C6248920DF40A8001542F5 /* AppDelegate.swift */ = {isa = PBXFileReference; lastKnownFileType = sourcecode.swift; path = AppDelegate.swift; sourceTree = "<group>"; };
		27C6248B20DF40A8001542F5 /* ViewController.swift */ = {isa = PBXFileReference; lastKnownFileType = sourcecode.swift; path = ViewController.swift; sourceTree = "<group>"; };
		27C6248E20DF40A8001542F5 /* Base */ = {isa = PBXFileReference; lastKnownFileType = file.storyboard; name = Base; path = Base.lproj/Main.storyboard; sourceTree = "<group>"; };
		27C6249020DF40A9001542F5 /* Assets.xcassets */ = {isa = PBXFileReference; lastKnownFileType = folder.assetcatalog; path = Assets.xcassets; sourceTree = "<group>"; };
		27C6249320DF40A9001542F5 /* Base */ = {isa = PBXFileReference; lastKnownFileType = file.storyboard; name = Base; path = Base.lproj/LaunchScreen.storyboard; sourceTree = "<group>"; };
		27C6249520DF40A9001542F5 /* Info.plist */ = {isa = PBXFileReference; lastKnownFileType = text.plist.xml; path = Info.plist; sourceTree = "<group>"; };
		27D9F69020E8BB4000E7F739 /* NewsViewController.swift */ = {isa = PBXFileReference; lastKnownFileType = sourcecode.swift; path = NewsViewController.swift; sourceTree = "<group>"; };
		66D673D420DF7B8D00197D3B /* Paring.swift */ = {isa = PBXFileReference; lastKnownFileType = sourcecode.swift; path = Paring.swift; sourceTree = "<group>"; };
		66D673D620DF871400197D3B /* ParingTableViewCell.swift */ = {isa = PBXFileReference; lastKnownFileType = sourcecode.swift; path = ParingTableViewCell.swift; sourceTree = "<group>"; };
		809D2C918055F920A3FB6695 /* Pods_BitcoinExchange.framework */ = {isa = PBXFileReference; explicitFileType = wrapper.framework; includeInIndex = 0; path = Pods_BitcoinExchange.framework; sourceTree = BUILT_PRODUCTS_DIR; };
		B73535B8053242A612F34095 /* Pods-BitcoinExchange.debug.xcconfig */ = {isa = PBXFileReference; includeInIndex = 1; lastKnownFileType = text.xcconfig; name = "Pods-BitcoinExchange.debug.xcconfig"; path = "Pods/Target Support Files/Pods-BitcoinExchange/Pods-BitcoinExchange.debug.xcconfig"; sourceTree = "<group>"; };
		E5814D4B72CDC212731153CC /* Pods-BitcoinExchange.release.xcconfig */ = {isa = PBXFileReference; includeInIndex = 1; lastKnownFileType = text.xcconfig; name = "Pods-BitcoinExchange.release.xcconfig"; path = "Pods/Target Support Files/Pods-BitcoinExchange/Pods-BitcoinExchange.release.xcconfig"; sourceTree = "<group>"; };
/* End PBXFileReference section */

/* Begin PBXFrameworksBuildPhase section */
		27C6248320DF40A8001542F5 /* Frameworks */ = {
			isa = PBXFrameworksBuildPhase;
			buildActionMask = 2147483647;
			files = (
				02F122A5EC2CCCF36CE61153 /* Pods_BitcoinExchange.framework in Frameworks */,
			);
			runOnlyForDeploymentPostprocessing = 0;
		};
/* End PBXFrameworksBuildPhase section */

/* Begin PBXGroup section */
		27C6247D20DF40A8001542F5 = {
			isa = PBXGroup;
			children = (
				27C6248820DF40A8001542F5 /* BitcoinExchange */,
				27C6248720DF40A8001542F5 /* Products */,
				4C86AAA6C2B45E6B751B7AB0 /* Pods */,
				F03AF9CFF32453F216A98E22 /* Frameworks */,
			);
			sourceTree = "<group>";
		};
		27C6248720DF40A8001542F5 /* Products */ = {
			isa = PBXGroup;
			children = (
				27C6248620DF40A8001542F5 /* BitcoinExchange.app */,
			);
			name = Products;
			sourceTree = "<group>";
		};
		27C6248820DF40A8001542F5 /* BitcoinExchange */ = {
			isa = PBXGroup;
			children = (
				66D673D320DF7B4900197D3B /* Model */,
				27C6248920DF40A8001542F5 /* AppDelegate.swift */,
				27C6248B20DF40A8001542F5 /* ViewController.swift */,
				66D673D620DF871400197D3B /* ParingTableViewCell.swift */,
				27D9F69020E8BB4000E7F739 /* NewsViewController.swift */,
				27C6248D20DF40A8001542F5 /* Main.storyboard */,
				27C6249020DF40A9001542F5 /* Assets.xcassets */,
				27C6249220DF40A9001542F5 /* LaunchScreen.storyboard */,
				27C6249520DF40A9001542F5 /* Info.plist */,
			);
			path = BitcoinExchange;
			sourceTree = "<group>";
		};
		4C86AAA6C2B45E6B751B7AB0 /* Pods */ = {
			isa = PBXGroup;
			children = (
				B73535B8053242A612F34095 /* Pods-BitcoinExchange.debug.xcconfig */,
				E5814D4B72CDC212731153CC /* Pods-BitcoinExchange.release.xcconfig */,
			);
			name = Pods;
			sourceTree = "<group>";
		};
		66D673D320DF7B4900197D3B /* Model */ = {
			isa = PBXGroup;
			children = (
				66D673D420DF7B8D00197D3B /* Paring.swift */,
			);
			path = Model;
			sourceTree = "<group>";
		};
		F03AF9CFF32453F216A98E22 /* Frameworks */ = {
			isa = PBXGroup;
			children = (
				809D2C918055F920A3FB6695 /* Pods_BitcoinExchange.framework */,
			);
			name = Frameworks;
			sourceTree = "<group>";
		};
/* End PBXGroup section */

/* Begin PBXNativeTarget section */
		27C6248520DF40A8001542F5 /* BitcoinExchange */ = {
			isa = PBXNativeTarget;
			buildConfigurationList = 27C6249820DF40A9001542F5 /* Build configuration list for PBXNativeTarget "BitcoinExchange" */;
			buildPhases = (
				00383DB855ABAFB9038258B0 /* [CP] Check Pods Manifest.lock */,
				27C6248220DF40A8001542F5 /* Sources */,
				27C6248320DF40A8001542F5 /* Frameworks */,
				27C6248420DF40A8001542F5 /* Resources */,
				85701C1F17DC7153C02ADBA8 /* [CP] Embed Pods Frameworks */,
			);
			buildRules = (
			);
			dependencies = (
			);
			name = BitcoinExchange;
			productName = BitcoinExchange;
			productReference = 27C6248620DF40A8001542F5 /* BitcoinExchange.app */;
			productType = "com.apple.product-type.application";
		};
/* End PBXNativeTarget section */

/* Begin PBXProject section */
		27C6247E20DF40A8001542F5 /* Project object */ = {
			isa = PBXProject;
			attributes = {
				LastSwiftUpdateCheck = 0940;
				LastUpgradeCheck = 0940;
				ORGANIZATIONNAME = "Surayuth Piriyawong";
				TargetAttributes = {
					27C6248520DF40A8001542F5 = {
						CreatedOnToolsVersion = 9.4.1;
					};
				};
			};
			buildConfigurationList = 27C6248120DF40A8001542F5 /* Build configuration list for PBXProject "BitcoinExchange" */;
			compatibilityVersion = "Xcode 9.3";
			developmentRegion = en;
			hasScannedForEncodings = 0;
			knownRegions = (
				en,
				Base,
			);
			mainGroup = 27C6247D20DF40A8001542F5;
			productRefGroup = 27C6248720DF40A8001542F5 /* Products */;
			projectDirPath = "";
			projectRoot = "";
			targets = (
				27C6248520DF40A8001542F5 /* BitcoinExchange */,
			);
		};
/* End PBXProject section */

/* Begin PBXResourcesBuildPhase section */
		27C6248420DF40A8001542F5 /* Resources */ = {
			isa = PBXResourcesBuildPhase;
			buildActionMask = 2147483647;
			files = (
				27C6249420DF40A9001542F5 /* LaunchScreen.storyboard in Resources */,
				27C6249120DF40A9001542F5 /* Assets.xcassets in Resources */,
				27C6248F20DF40A8001542F5 /* Main.storyboard in Resources */,
			);
			runOnlyForDeploymentPostprocessing = 0;
		};
/* End PBXResourcesBuildPhase section */

/* Begin PBXShellScriptBuildPhase section */
		00383DB855ABAFB9038258B0 /* [CP] Check Pods Manifest.lock */ = {
			isa = PBXShellScriptBuildPhase;
			buildActionMask = 2147483647;
			files = (
			);
			inputPaths = (
				"${PODS_PODFILE_DIR_PATH}/Podfile.lock",
				"${PODS_ROOT}/Manifest.lock",
			);
			name = "[CP] Check Pods Manifest.lock";
			outputPaths = (
				"$(DERIVED_FILE_DIR)/Pods-BitcoinExchange-checkManifestLockResult.txt",
			);
			runOnlyForDeploymentPostprocessing = 0;
			shellPath = /bin/sh;
			shellScript = "diff \"${PODS_PODFILE_DIR_PATH}/Podfile.lock\" \"${PODS_ROOT}/Manifest.lock\" > /dev/null\nif [ $? != 0 ] ; then\n    # print error to STDERR\n    echo \"error: The sandbox is not in sync with the Podfile.lock. Run 'pod install' or update your CocoaPods installation.\" >&2\n    exit 1\nfi\n# This output is used by Xcode 'outputs' to avoid re-running this script phase.\necho \"SUCCESS\" > \"${SCRIPT_OUTPUT_FILE_0}\"\n";
			showEnvVarsInLog = 0;
		};
		85701C1F17DC7153C02ADBA8 /* [CP] Embed Pods Frameworks */ = {
			isa = PBXShellScriptBuildPhase;
			buildActionMask = 2147483647;
			files = (
			);
			inputPaths = (
				"${SRCROOT}/Pods/Target Support Files/Pods-BitcoinExchange/Pods-BitcoinExchange-frameworks.sh",
				"${BUILT_PRODUCTS_DIR}/Alamofire/Alamofire.framework",
				"${BUILT_PRODUCTS_DIR}/Kingfisher/Kingfisher.framework",
			);
			name = "[CP] Embed Pods Frameworks";
			outputPaths = (
				"${TARGET_BUILD_DIR}/${FRAMEWORKS_FOLDER_PATH}/Alamofire.framework",
				"${TARGET_BUILD_DIR}/${FRAMEWORKS_FOLDER_PATH}/Kingfisher.framework",
			);
			runOnlyForDeploymentPostprocessing = 0;
			shellPath = /bin/sh;
			shellScript = "\"${SRCROOT}/Pods/Target Support Files/Pods-BitcoinExchange/Pods-BitcoinExchange-frameworks.sh\"\n";
			showEnvVarsInLog = 0;
		};
/* End PBXShellScriptBuildPhase section */

/* Begin PBXSourcesBuildPhase section */
		27C6248220DF40A8001542F5 /* Sources */ = {
			isa = PBXSourcesBuildPhase;
			buildActionMask = 2147483647;
			files = (
				66D673D720DF871400197D3B /* ParingTableViewCell.swift in Sources */,
				27C6248C20DF40A8001542F5 /* ViewController.swift in Sources */,
				66D673D520DF7B8D00197D3B /* Paring.swift in Sources */,
				27D9F69120E8BB4000E7F739 /* NewsViewController.swift in Sources */,
				27C6248A20DF40A8001542F5 /* AppDelegate.swift in Sources */,
			);
			runOnlyForDeploymentPostprocessing = 0;
		};
/* End PBXSourcesBuildPhase section */

/* Begin PBXVariantGroup section */
		27C6248D20DF40A8001542F5 /* Main.storyboard */ = {
			isa = PBXVariantGroup;
			children = (
				27C6248E20DF40A8001542F5 /* Base */,
			);
			name = Main.storyboard;
			sourceTree = "<group>";
		};
		27C6249220DF40A9001542F5 /* LaunchScreen.storyboard */ = {
			isa = PBXVariantGroup;
			children = (
				27C6249320DF40A9001542F5 /* Base */,
			);
			name = LaunchScreen.storyboard;
			sourceTree = "<group>";
		};
/* End PBXVariantGroup section */

/* Begin XCBuildConfiguration section */
		27C6249620DF40A9001542F5 /* Debug */ = {
			isa = XCBuildConfiguration;
			buildSettings = {
				ALWAYS_SEARCH_USER_PATHS = NO;
				CLANG_ANALYZER_NONNULL = YES;
				CLANG_ANALYZER_NUMBER_OBJECT_CONVERSION = YES_AGGRESSIVE;
				CLANG_CXX_LANGUAGE_STANDARD = "gnu++14";
				CLANG_CXX_LIBRARY = "libc++";
				CLANG_ENABLE_MODULES = YES;
				CLANG_ENABLE_OBJC_ARC = YES;
				CLANG_ENABLE_OBJC_WEAK = YES;
				CLANG_WARN_BLOCK_CAPTURE_AUTORELEASING = YES;
				CLANG_WARN_BOOL_CONVERSION = YES;
				CLANG_WARN_COMMA = YES;
				CLANG_WARN_CONSTANT_CONVERSION = YES;
				CLANG_WARN_DEPRECATED_OBJC_IMPLEMENTATIONS = YES;
				CLANG_WARN_DIRECT_OBJC_ISA_USAGE = YES_ERROR;
				CLANG_WARN_DOCUMENTATION_COMMENTS = YES;
				CLANG_WARN_EMPTY_BODY = YES;
				CLANG_WARN_ENUM_CONVERSION = YES;
				CLANG_WARN_INFINITE_RECURSION = YES;
				CLANG_WARN_INT_CONVERSION = YES;
				CLANG_WARN_NON_LITERAL_NULL_CONVERSION = YES;
				CLANG_WARN_OBJC_IMPLICIT_RETAIN_SELF = YES;
				CLANG_WARN_OBJC_LITERAL_CONVERSION = YES;
				CLANG_WARN_OBJC_ROOT_CLASS = YES_ERROR;
				CLANG_WARN_RANGE_LOOP_ANALYSIS = YES;
				CLANG_WARN_STRICT_PROTOTYPES = YES;
				CLANG_WARN_SUSPICIOUS_MOVE = YES;
				CLANG_WARN_UNGUARDED_AVAILABILITY = YES_AGGRESSIVE;
				CLANG_WARN_UNREACHABLE_CODE = YES;
				CLANG_WARN__DUPLICATE_METHOD_MATCH = YES;
				CODE_SIGN_IDENTITY = "iPhone Developer";
				COPY_PHASE_STRIP = NO;
				DEBUG_INFORMATION_FORMAT = dwarf;
				ENABLE_STRICT_OBJC_MSGSEND = YES;
				ENABLE_TESTABILITY = YES;
				GCC_C_LANGUAGE_STANDARD = gnu11;
				GCC_DYNAMIC_NO_PIC = NO;
				GCC_NO_COMMON_BLOCKS = YES;
				GCC_OPTIMIZATION_LEVEL = 0;
				GCC_PREPROCESSOR_DEFINITIONS = (
					"DEBUG=1",
					"$(inherited)",
				);
				GCC_WARN_64_TO_32_BIT_CONVERSION = YES;
				GCC_WARN_ABOUT_RETURN_TYPE = YES_ERROR;
				GCC_WARN_UNDECLARED_SELECTOR = YES;
				GCC_WARN_UNINITIALIZED_AUTOS = YES_AGGRESSIVE;
				GCC_WARN_UNUSED_FUNCTION = YES;
				GCC_WARN_UNUSED_VARIABLE = YES;
				IPHONEOS_DEPLOYMENT_TARGET = 11.4;
				MTL_ENABLE_DEBUG_INFO = YES;
				ONLY_ACTIVE_ARCH = YES;
				SDKROOT = iphoneos;
				SWIFT_ACTIVE_COMPILATION_CONDITIONS = DEBUG;
				SWIFT_OPTIMIZATION_LEVEL = "-Onone";
			};
			name = Debug;
		};
		27C6249720DF40A9001542F5 /* Release */ = {
			isa = XCBuildConfiguration;
			buildSettings = {
				ALWAYS_SEARCH_USER_PATHS = NO;
				CLANG_ANALYZER_NONNULL = YES;
				CLANG_ANALYZER_NUMBER_OBJECT_CONVERSION = YES_AGGRESSIVE;
				CLANG_CXX_LANGUAGE_STANDARD = "gnu++14";
				CLANG_CXX_LIBRARY = "libc++";
				CLANG_ENABLE_MODULES = YES;
				CLANG_ENABLE_OBJC_ARC = YES;
				CLANG_ENABLE_OBJC_WEAK = YES;
				CLANG_WARN_BLOCK_CAPTURE_AUTORELEASING = YES;
				CLANG_WARN_BOOL_CONVERSION = YES;
				CLANG_WARN_COMMA = YES;
				CLANG_WARN_CONSTANT_CONVERSION = YES;
				CLANG_WARN_DEPRECATED_OBJC_IMPLEMENTATIONS = YES;
				CLANG_WARN_DIRECT_OBJC_ISA_USAGE = YES_ERROR;
				CLANG_WARN_DOCUMENTATION_COMMENTS = YES;
				CLANG_WARN_EMPTY_BODY = YES;
				CLANG_WARN_ENUM_CONVERSION = YES;
				CLANG_WARN_INFINITE_RECURSION = YES;
				CLANG_WARN_INT_CONVERSION = YES;
				CLANG_WARN_NON_LITERAL_NULL_CONVERSION = YES;
				CLANG_WARN_OBJC_IMPLICIT_RETAIN_SELF = YES;
				CLANG_WARN_OBJC_LITERAL_CONVERSION = YES;
				CLANG_WARN_OBJC_ROOT_CLASS = YES_ERROR;
				CLANG_WARN_RANGE_LOOP_ANALYSIS = YES;
				CLANG_WARN_STRICT_PROTOTYPES = YES;
				CLANG_WARN_SUSPICIOUS_MOVE = YES;
				CLANG_WARN_UNGUARDED_AVAILABILITY = YES_AGGRESSIVE;
				CLANG_WARN_UNREACHABLE_CODE = YES;
				CLANG_WARN__DUPLICATE_METHOD_MATCH = YES;
				CODE_SIGN_IDENTITY = "iPhone Developer";
				COPY_PHASE_STRIP = NO;
				DEBUG_INFORMATION_FORMAT = "dwarf-with-dsym";
				ENABLE_NS_ASSERTIONS = NO;
				ENABLE_STRICT_OBJC_MSGSEND = YES;
				GCC_C_LANGUAGE_STANDARD = gnu11;
				GCC_NO_COMMON_BLOCKS = YES;
				GCC_WARN_64_TO_32_BIT_CONVERSION = YES;
				GCC_WARN_ABOUT_RETURN_TYPE = YES_ERROR;
				GCC_WARN_UNDECLARED_SELECTOR = YES;
				GCC_WARN_UNINITIALIZED_AUTOS = YES_AGGRESSIVE;
				GCC_WARN_UNUSED_FUNCTION = YES;
				GCC_WARN_UNUSED_VARIABLE = YES;
				IPHONEOS_DEPLOYMENT_TARGET = 11.4;
				MTL_ENABLE_DEBUG_INFO = NO;
				SDKROOT = iphoneos;
				SWIFT_COMPILATION_MODE = wholemodule;
				SWIFT_OPTIMIZATION_LEVEL = "-O";
				VALIDATE_PRODUCT = YES;
			};
			name = Release;
		};
		27C6249920DF40A9001542F5 /* Debug */ = {
			isa = XCBuildConfiguration;
			baseConfigurationReference = B73535B8053242A612F34095 /* Pods-BitcoinExchange.debug.xcconfig */;
			buildSettings = {
				ASSETCATALOG_COMPILER_APPICON_NAME = AppIcon;
				CODE_SIGN_STYLE = Automatic;
				DEVELOPMENT_TEAM = 34T7JRY6R6;
				INFOPLIST_FILE = BitcoinExchange/Info.plist;
				LD_RUNPATH_SEARCH_PATHS = (
					"$(inherited)",
					"@executable_path/Frameworks",
				);
				PRODUCT_BUNDLE_IDENTIFIER = com.holFactory.BitcoinExchange;
				PRODUCT_NAME = "$(TARGET_NAME)";
				SWIFT_VERSION = 4.0;
				TARGETED_DEVICE_FAMILY = "1,2";
			};
			name = Debug;
		};
		27C6249A20DF40A9001542F5 /* Release */ = {
			isa = XCBuildConfiguration;
			baseConfigurationReference = E5814D4B72CDC212731153CC /* Pods-BitcoinExchange.release.xcconfig */;
			buildSettings = {
				ASSETCATALOG_COMPILER_APPICON_NAME = AppIcon;
				CODE_SIGN_STYLE = Automatic;
				DEVELOPMENT_TEAM = 34T7JRY6R6;
				INFOPLIST_FILE = BitcoinExchange/Info.plist;
				LD_RUNPATH_SEARCH_PATHS = (
					"$(inherited)",
					"@executable_path/Frameworks",
				);
				PRODUCT_BUNDLE_IDENTIFIER = com.holFactory.BitcoinExchange;
				PRODUCT_NAME = "$(TARGET_NAME)";
				SWIFT_VERSION = 4.0;
				TARGETED_DEVICE_FAMILY = "1,2";
			};
			name = Release;
		};
/* End XCBuildConfiguration section */

/* Begin XCConfigurationList section */
		27C6248120DF40A8001542F5 /* Build configuration list for PBXProject "BitcoinExchange" */ = {
			isa = XCConfigurationList;
			buildConfigurations = (
				27C6249620DF40A9001542F5 /* Debug */,
				27C6249720DF40A9001542F5 /* Release */,
			);
			defaultConfigurationIsVisible = 0;
			defaultConfigurationName = Release;
		};
		27C6249820DF40A9001542F5 /* Build configuration list for PBXNativeTarget "BitcoinExchange" */ = {
			isa = XCConfigurationList;
			buildConfigurations = (
				27C6249920DF40A9001542F5 /* Debug */,
				27C6249A20DF40A9001542F5 /* Release */,
			);
			defaultConfigurationIsVisible = 0;
			defaultConfigurationName = Release;
		};
/* End XCConfigurationList section */
	};
	rootObject = 27C6247E20DF40A8001542F5 /* Project object */;
}
